
Microsoft Visual Studio Solution File, Format Version 12.00
# Visual Studio Version 16
VisualStudioVersion = 16.0.29609.76
MinimumVisualStudioVersion = 10.0.40219.1
Project("{9A19103F-16F7-4668-BE54-9A1E7A4F7556}") = "FrontendClient", "FrontendClient\FrontendClient.csproj", "{1DABB8E2-A30E-4B4E-88C6-6FBF8A166BC9}"
EndProject
Global
	GlobalSection(SolutionConfigurationPlatforms) = preSolution
		Debug|Any CPU = Debug|Any CPU
		Release|Any CPU = Release|Any CPU
	EndGlobalSection
	GlobalSection(ProjectConfigurationPlatforms) = postSolution
		{1DABB8E2-A30E-4B4E-88C6-6FBF8A166BC9}.Debug|Any CPU.ActiveCfg = Debug|Any CPU
		{1DABB8E2-A30E-4B4E-88C6-6FBF8A166BC9}.Debug|Any CPU.Build.0 = Debug|Any CPU
		{1DABB8E2-A30E-4B4E-88C6-6FBF8A166BC9}.Release|Any CPU.ActiveCfg = Release|Any CPU
		{1DABB8E2-A30E-4B4E-88C6-6FBF8A166BC9}.Release|Any CPU.Build.0 = Release|Any CPU
	EndGlobalSection
	GlobalSection(SolutionProperties) = preSolution
		HideSolutionNode = FALSE
	EndGlobalSection
	GlobalSection(ExtensibilityGlobals) = postSolution
		SolutionGuid = {CAC82CBA-E25A-4D94-8D79-BDB37A578FF2}
	EndGlobalSection
EndGlobal
