
Microsoft Visual Studio Solution File, Format Version 12.00
# Visual Studio Version 16
VisualStudioVersion = 16.0.29326.143
MinimumVisualStudioVersion = 10.0.40219.1
Project("{9A19103F-16F7-4668-BE54-9A1E7A4F7556}") = "GoVote", "GoVote.csproj", "{FC021A8A-5B4A-481E-8B36-85D35EE85080}"
EndProject
Global
	GlobalSection(SolutionConfigurationPlatforms) = preSolution
		Debug|Any CPU = Debug|Any CPU
		Release|Any CPU = Release|Any CPU
	EndGlobalSection
	GlobalSection(ProjectConfigurationPlatforms) = postSolution
		{FC021A8A-5B4A-481E-8B36-85D35EE85080}.Debug|Any CPU.ActiveCfg = Debug|Any CPU
		{FC021A8A-5B4A-481E-8B36-85D35EE85080}.Debug|Any CPU.Build.0 = Debug|Any CPU
		{FC021A8A-5B4A-481E-8B36-85D35EE85080}.Release|Any CPU.ActiveCfg = Release|Any CPU
		{FC021A8A-5B4A-481E-8B36-85D35EE85080}.Release|Any CPU.Build.0 = Release|Any CPU
	EndGlobalSection
	GlobalSection(SolutionProperties) = preSolution
		HideSolutionNode = FALSE
	EndGlobalSection
	GlobalSection(ExtensibilityGlobals) = postSolution
		SolutionGuid = {2B4FD498-1D65-48BB-A28D-BF7291EABF2F}
	EndGlobalSection
EndGlobal
